
Microsoft Visual Studio Solution File, Format Version 12.00
# Visual Studio Version 16
VisualStudioVersion = 16.0.32901.82
MinimumVisualStudioVersion = 10.0.40219.1
Project("{FAE04EC0-301F-11D3-BF4B-00C04F79EFBC}") = "basicDiscordServerBot", "basicDiscordServerBot.csproj", "{354E54E1-F574-40BD-9E7C-A3227DBB56F5}"
EndProject
Global
	GlobalSection(SolutionConfigurationPlatforms) = preSolution
		Debug|Any CPU = Debug|Any CPU
		Release|Any CPU = Release|Any CPU
	EndGlobalSection
	GlobalSection(ProjectConfigurationPlatforms) = postSolution
		{354E54E1-F574-40BD-9E7C-A3227DBB56F5}.Debug|Any CPU.ActiveCfg = Debug|Any CPU
		{354E54E1-F574-40BD-9E7C-A3227DBB56F5}.Debug|Any CPU.Build.0 = Debug|Any CPU
		{354E54E1-F574-40BD-9E7C-A3227DBB56F5}.Release|Any CPU.ActiveCfg = Release|Any CPU
		{354E54E1-F574-40BD-9E7C-A3227DBB56F5}.Release|Any CPU.Build.0 = Release|Any CPU
	EndGlobalSection
	GlobalSection(SolutionProperties) = preSolution
		HideSolutionNode = FALSE
	EndGlobalSection
	GlobalSection(ExtensibilityGlobals) = postSolution
		SolutionGuid = {5F8B0233-350D-4BC6-ABE8-49A860FA2B5D}
	EndGlobalSection
EndGlobal
